
Microsoft Visual Studio Solution File, Format Version 12.00
# Visual Studio Version 17
VisualStudioVersion = 17.14.36310.24
MinimumVisualStudioVersion = 10.0.40219.1
Project("{FAE04EC0-301F-11D3-BF4B-00C04F79EFBC}") = "ContosoUniversity", "ContosoUniversity\ContosoUniversity.csproj", "{4DC77123-B8E9-477F-8EA2-0975D0DF7E43}"
EndProject
Project("{FAE04EC0-301F-11D3-BF4B-00C04F79EFBC}") = "ContosoUniversityHW", "ContosoUniversityHW\ContosoUniversityHW.csproj", "{FA362E89-71DD-4157-B29C-C7665B50A8E5}"
EndProject
Global
	GlobalSection(SolutionConfigurationPlatforms) = preSolution
		Debug|Any CPU = Debug|Any CPU
		Release|Any CPU = Release|Any CPU
	EndGlobalSection
	GlobalSection(ProjectConfigurationPlatforms) = postSolution
		{4DC77123-B8E9-477F-8EA2-0975D0DF7E43}.Debug|Any CPU.ActiveCfg = Debug|Any CPU
		{4DC77123-B8E9-477F-8EA2-0975D0DF7E43}.Debug|Any CPU.Build.0 = Debug|Any CPU
		{4DC77123-B8E9-477F-8EA2-0975D0DF7E43}.Release|Any CPU.ActiveCfg = Release|Any CPU
		{4DC77123-B8E9-477F-8EA2-0975D0DF7E43}.Release|Any CPU.Build.0 = Release|Any CPU
		{FA362E89-71DD-4157-B29C-C7665B50A8E5}.Debug|Any CPU.ActiveCfg = Debug|Any CPU
		{FA362E89-71DD-4157-B29C-C7665B50A8E5}.Debug|Any CPU.Build.0 = Debug|Any CPU
		{FA362E89-71DD-4157-B29C-C7665B50A8E5}.Release|Any CPU.ActiveCfg = Release|Any CPU
		{FA362E89-71DD-4157-B29C-C7665B50A8E5}.Release|Any CPU.Build.0 = Release|Any CPU
	EndGlobalSection
	GlobalSection(SolutionProperties) = preSolution
		HideSolutionNode = FALSE
	EndGlobalSection
	GlobalSection(ExtensibilityGlobals) = postSolution
		SolutionGuid = {F36CF154-648F-46FB-B827-04DEE15337BF}
	EndGlobalSection
EndGlobal
